{
  "name": "astroweb",
  "version": "0.1.0",
  "lockfileVersion": 3,
  "requires": true,
  "packages": {
    "": {
      "name": "astroweb",
      "version": "0.1.0",
      "license": "ISC",
      "dependencies": {
        "@petamoriken/float16": "^3.6.6",
        "@webgpu/types": "^0.1.23",
        "gl-matrix": "^3.4.3",
        "typescript": "^4.9.3"
      }
    },
    "node_modules/@petamoriken/float16": {
      "version": "3.6.6",
      "resolved": "https://registry.npmjs.org/@petamoriken/float16/-/float16-3.6.6.tgz",
      "integrity": "sha512-3MUulwMtsdCA9lw8a/Kc0XDBJJVCkYTQ5aGd+///TbfkOMXoOGAzzoiYKwPEsLYZv7He7fKJ/mCacqKOO7REyg=="
    },
    "node_modules/@webgpu/types": {
      "version": "0.1.23",
      "resolved": "https://registry.npmjs.org/@webgpu/types/-/types-0.1.23.tgz",
      "integrity": "sha512-SxHrhOTH1C7EcbnVZ3DzzliQs10QJO19GoUtzVJLIqDD0VeAdtxLEoNnP5zkCDKyMFvx3ptU7jESdaOIUqAuJg=="
    },
    "node_modules/gl-matrix": {
      "version": "3.4.3",
      "resolved": "https://registry.npmjs.org/gl-matrix/-/gl-matrix-3.4.3.tgz",
      "integrity": "sha512-wcCp8vu8FT22BnvKVPjXa/ICBWRq/zjFfdofZy1WSpQZpphblv12/bOQLBC1rMM7SGOFS9ltVmKOHil5+Ml7gA=="
    },
    "node_modules/typescript": {
      "version": "4.9.3",
      "resolved": "https://registry.npmjs.org/typescript/-/typescript-4.9.3.tgz",
      "integrity": "sha512-CIfGzTelbKNEnLpLdGFgdyKhG23CKdKgQPOBc+OUNrkJ2vr+KSzsSV5kq5iWhEQbok+quxgGzrAtGWCyU7tHnA==",
      "bin": {
        "tsc": "bin/tsc",
        "tsserver": "bin/tsserver"
      },
      "engines": {
        "node": ">=4.2.0"
      }
    }
  }
}
